
Microsoft Visual Studio Solution File, Format Version 12.00
# Visual Studio 15
VisualStudioVersion = 15.0.27703.2042
MinimumVisualStudioVersion = 10.0.40219.1
Project("{FAE04EC0-301F-11D3-BF4B-00C04F79EFBC}") = "Selections", "Selections\Selections.csproj", "{40F446A5-18D9-4B98-A1D8-FA5EFDA1BFB8}"
EndProject
Project("{FAE04EC0-301F-11D3-BF4B-00C04F79EFBC}") = "SingleDimensionalArrays", "Arrays\SingleDimensionalArrays.csproj", "{3DE25B2C-6DFD-49B1-A191-3AC0D76E46A5}"
EndProject
Global
	GlobalSection(SolutionConfigurationPlatforms) = preSolution
		Debug|Any CPU = Debug|Any CPU
		Release|Any CPU = Release|Any CPU
	EndGlobalSection
	GlobalSection(ProjectConfigurationPlatforms) = postSolution
		{40F446A5-18D9-4B98-A1D8-FA5EFDA1BFB8}.Debug|Any CPU.ActiveCfg = Debug|Any CPU
		{40F446A5-18D9-4B98-A1D8-FA5EFDA1BFB8}.Debug|Any CPU.Build.0 = Debug|Any CPU
		{40F446A5-18D9-4B98-A1D8-FA5EFDA1BFB8}.Release|Any CPU.ActiveCfg = Release|Any CPU
		{40F446A5-18D9-4B98-A1D8-FA5EFDA1BFB8}.Release|Any CPU.Build.0 = Release|Any CPU
		{3DE25B2C-6DFD-49B1-A191-3AC0D76E46A5}.Debug|Any CPU.ActiveCfg = Debug|Any CPU
		{3DE25B2C-6DFD-49B1-A191-3AC0D76E46A5}.Debug|Any CPU.Build.0 = Debug|Any CPU
		{3DE25B2C-6DFD-49B1-A191-3AC0D76E46A5}.Release|Any CPU.ActiveCfg = Release|Any CPU
		{3DE25B2C-6DFD-49B1-A191-3AC0D76E46A5}.Release|Any CPU.Build.0 = Release|Any CPU
	EndGlobalSection
	GlobalSection(SolutionProperties) = preSolution
		HideSolutionNode = FALSE
	EndGlobalSection
	GlobalSection(ExtensibilityGlobals) = postSolution
		SolutionGuid = {2C309B1F-BA65-4AE4-BC74-DC54D6B3F204}
	EndGlobalSection
EndGlobal
